<?xml version="1.0" encoding="utf-8"?>
<Project ToolsVersion="4.0" xmlns="http://schemas.microsoft.com/developer/msbuild/2003">
  <ItemGroup>
    <Filter Include="Source Files">
      <UniqueIdentifier>{4FC737F1-C7A5-4376-A066-2A32D752A2FF}</UniqueIdentifier>
      <Extensions>cpp;c;cc;cxx;c++;cppm;ixx;def;odl;idl;hpj;bat;asm;asmx</Extensions>
    </Filter>
    <Filter Include="Header Files">
      <UniqueIdentifier>{93995380-89BD-4b04-88EB-625FBE52EBFB}</UniqueIdentifier>
      <Extensions>h;hh;hpp;hxx;h++;hm;inl;inc;ipp;xsd</Extensions>
    </Filter>
    <Filter Include="Resource Files">
      <UniqueIdentifier>{67DA6AB6-F800-4c08-8B7A-83BB121AAD01}</UniqueIdentifier>
      <Extensions>rc;ico;cur;bmp;dlg;rc2;rct;bin;rgs;gif;jpg;jpeg;jpe;resx;tiff;tif;png;wav;mfcribbon-ms</Extensions>
    </Filter>
    <Filter Include="include">
      <UniqueIdentifier>{586f6788-8031-4560-96f8-0d04a57351db}</UniqueIdentifier>
    </Filter>
    <Filter Include="include\safetyhook">
      <UniqueIdentifier>{2d70efd2-a801-47a6-84c5-5d4dacbd81e6}</UniqueIdentifier>
    </Filter>
    <Filter Include="include\xbyak">
      <UniqueIdentifier>{b3f61ecb-a0b3-438f-a1c1-96efa94193b4}</UniqueIdentifier>
    </Filter>
    <Filter Include="include\usercaller">
      <UniqueIdentifier>{f6032d71-2978-4945-9300-44302a6add38}</UniqueIdentifier>
    </Filter>
    <Filter Include="include\mini">
      <UniqueIdentifier>{f84e7ffa-0330-49ea-88b1-f97da7dd0d19}</UniqueIdentifier>
    </Filter>
  </ItemGroup>
  <ItemGroup>
    <ClInclude Include="framework.h">
      <Filter>Header Files</Filter>
    </ClInclude>
    <ClInclude Include="BuildVersion.h">
      <Filter>Header Files</Filter>
    </ClInclude>
    <ClInclude Include="pch.h">
      <Filter>Header Files</Filter>
    </ClInclude>
    <ClInclude Include="include\safetyhook\Zydis.h">
      <Filter>include\safetyhook</Filter>
    </ClInclude>
    <ClInclude Include="include\safetyhook\safetyhook.hpp">
      <Filter>include\safetyhook</Filter>
    </ClInclude>
    <ClInclude Include="include\MemoryMgr.h">
      <Filter>include</Filter>
    </ClInclude>
    <ClInclude Include="include\xbyak\xbyak_mnemonic.h">
      <Filter>include\xbyak</Filter>
    </ClInclude>
    <ClInclude Include="include\xbyak\xbyak_util.h">
      <Filter>include\xbyak</Filter>
    </ClInclude>
    <ClInclude Include="include\xbyak\xbyak.h">
      <Filter>include\xbyak</Filter>
    </ClInclude>
    <ClInclude Include="include\xbyak\xbyak_bin2hex.h">
      <Filter>include\xbyak</Filter>
    </ClInclude>
    <ClInclude Include="include\usercaller\usercaller.hpp">
      <Filter>include\usercaller</Filter>
    </ClInclude>
    <ClInclude Include="include\usercaller\safetyhook_inline.hpp">
      <Filter>include\usercaller</Filter>
    </ClInclude>
    <ClInclude Include="sr_xml.h">
      <Filter>Header Files</Filter>
    </ClInclude>
    <ClInclude Include="Math.h">
      <Filter>Header Files</Filter>
    </ClInclude>
    <ClInclude Include="include\mini\ini.h">
      <Filter>include\mini</Filter>
    </ClInclude>
    <ClInclude Include="include\IniReader.h">
      <Filter>include</Filter>
    </ClInclude>
    <ClInclude Include="ExtendedSaves.h">
      <Filter>Header Files</Filter>
    </ClInclude>
    <ClInclude Include="LimitConfig.h">
      <Filter>Header Files</Filter>
    </ClInclude>
  </ItemGroup>
  <ItemGroup>
    <ClCompile Include="dllmain.cpp">
      <Filter>Source Files</Filter>
    </ClCompile>
    <ClCompile Include="pch.cpp">
      <Filter>Source Files</Filter>
    </ClCompile>
    <ClCompile Include="include\safetyhook\Zydis.c">
      <Filter>include\safetyhook</Filter>
    </ClCompile>
    <ClCompile Include="include\safetyhook\safetyhook.cpp">
      <Filter>include\safetyhook</Filter>
    </ClCompile>
    <ClCompile Include="include\usercaller\usercaller.cpp">
      <Filter>include\usercaller</Filter>
    </ClCompile>
    <ClCompile Include="ExtendedSaves.cpp">
      <Filter>Source Files</Filter>
    </ClCompile>
    <ClCompile Include="LimitConfig.cpp">
      <Filter>Source Files</Filter>
    </ClCompile>
  </ItemGroup>
</Project>
